
Microsoft Visual Studio Solution File, Format Version 12.00
# Visual Studio Version 16
VisualStudioVersion = 16.0.30114.105
MinimumVisualStudioVersion = 10.0.40219.1
Project("{FAE04EC0-301F-11D3-BF4B-00C04F79EFBC}") = "Workshop.Web", "Workshop.Web\Workshop.Web.csproj", "{DA4A7FBC-9FD7-4C65-A2CA-AC2AB874059C}"
EndProject
Project("{FAE04EC0-301F-11D3-BF4B-00C04F79EFBC}") = "Workshop.Test", "Workshop.Test\Workshop.Test.csproj", "{3C92C531-7C0A-4F9A-A899-6E6F243D02B8}"
EndProject
Global
	GlobalSection(SolutionConfigurationPlatforms) = preSolution
		Debug|Any CPU = Debug|Any CPU
		Release|Any CPU = Release|Any CPU
	EndGlobalSection
	GlobalSection(SolutionProperties) = preSolution
		HideSolutionNode = FALSE
	EndGlobalSection
	GlobalSection(ProjectConfigurationPlatforms) = postSolution
		{DA4A7FBC-9FD7-4C65-A2CA-AC2AB874059C}.Debug|Any CPU.ActiveCfg = Debug|Any CPU
		{DA4A7FBC-9FD7-4C65-A2CA-AC2AB874059C}.Debug|Any CPU.Build.0 = Debug|Any CPU
		{DA4A7FBC-9FD7-4C65-A2CA-AC2AB874059C}.Release|Any CPU.ActiveCfg = Release|Any CPU
		{DA4A7FBC-9FD7-4C65-A2CA-AC2AB874059C}.Release|Any CPU.Build.0 = Release|Any CPU
		{3C92C531-7C0A-4F9A-A899-6E6F243D02B8}.Debug|Any CPU.ActiveCfg = Debug|Any CPU
		{3C92C531-7C0A-4F9A-A899-6E6F243D02B8}.Debug|Any CPU.Build.0 = Debug|Any CPU
		{3C92C531-7C0A-4F9A-A899-6E6F243D02B8}.Release|Any CPU.ActiveCfg = Release|Any CPU
		{3C92C531-7C0A-4F9A-A899-6E6F243D02B8}.Release|Any CPU.Build.0 = Release|Any CPU
	EndGlobalSection
EndGlobal
